
Microsoft Visual Studio Solution File, Format Version 12.00
# Visual Studio Version 16
VisualStudioVersion = 16.0.29509.3
MinimumVisualStudioVersion = 10.0.40219.1
Project("{FAE04EC0-301F-11D3-BF4B-00C04F79EFBC}") = "JSIMainDLL", "JSIMainDLL\JSIMainDLL.csproj", "{4C3A780D-5BF2-46E9-96A9-437398162567}"
EndProject
Global
	GlobalSection(SolutionConfigurationPlatforms) = preSolution
		Debug|Any CPU = Debug|Any CPU
		Release|Any CPU = Release|Any CPU
	EndGlobalSection
	GlobalSection(ProjectConfigurationPlatforms) = postSolution
		{4C3A780D-5BF2-46E9-96A9-437398162567}.Debug|Any CPU.ActiveCfg = Debug|Any CPU
		{4C3A780D-5BF2-46E9-96A9-437398162567}.Debug|Any CPU.Build.0 = Debug|Any CPU
		{4C3A780D-5BF2-46E9-96A9-437398162567}.Release|Any CPU.ActiveCfg = Release|Any CPU
		{4C3A780D-5BF2-46E9-96A9-437398162567}.Release|Any CPU.Build.0 = Release|Any CPU
	EndGlobalSection
	GlobalSection(SolutionProperties) = preSolution
		HideSolutionNode = FALSE
	EndGlobalSection
	GlobalSection(ExtensibilityGlobals) = postSolution
		SolutionGuid = {2A74B808-13F2-4AA8-A64F-461BDC142884}
	EndGlobalSection
EndGlobal
